{
  "name": "public",
  "version": "1.0.0",
  "lockfileVersion": 1,
  "requires": true,
  "dependencies": {
    "jodit": {
      "version": "3.1.73",
      "resolved": "https://registry.npmjs.org/jodit/-/jodit-3.1.73.tgz",
      "integrity": "sha512-qdDy82FlZ1howMZ+pyr01WTwS9Zd1gYVFKqMRrfCUK6aaSRr7nybjhNbN3mQfs/dIKzm42UG3rx2AF6havbrxQ=="
    }
  }
}
