{
  "name": "public",
  "version": "1.0.0",
  "lockfileVersion": 1,
  "requires": true,
  "dependencies": {
    "jodit": {
      "version": "3.1.49",
      "resolved": "https://registry.npmjs.org/jodit/-/jodit-3.1.49.tgz",
      "integrity": "sha512-OyqK6K5lCPkvHN6N1TesVhbRb+Ttt3NFkv3kMR+wyyXDUAAI7zb578viGhWsC+1RUsrt1B0lsrlPdDgaoJz4FA=="
    }
  }
}
